
Microsoft Visual Studio Solution File, Format Version 12.00
# Visual Studio 15
VisualStudioVersion = 15.0.27428.1
MinimumVisualStudioVersion = 10.0.40219.1
Project("{FAE04EC0-301F-11D3-BF4B-00C04F79EFBC}") = "DrillableScan", "DrillableScan\DrillableScan.csproj", "{CF3D607F-BFD3-47CC-BFE2-43A68C6C0881}"
EndProject
Project("{FAE04EC0-301F-11D3-BF4B-00C04F79EFBC}") = "LargeDepositsFix", "LargeDepositsFix\LargeDepositsFix.csproj", "{AFDDA6C6-EB9E-4AE0-BAB1-A7FFED51AD12}"
EndProject
Project("{FAE04EC0-301F-11D3-BF4B-00C04F79EFBC}") = "UnpackTitaniumIngots", "UnpackTitaniumIngots\UnpackTitaniumIngots.csproj", "{EA3623CD-AC63-4E30-BB4D-EBF42C83C18A}"
EndProject
Global
	GlobalSection(SolutionConfigurationPlatforms) = preSolution
		Debug|Any CPU = Debug|Any CPU
		Release|Any CPU = Release|Any CPU
	EndGlobalSection
	GlobalSection(ProjectConfigurationPlatforms) = postSolution
		{CF3D607F-BFD3-47CC-BFE2-43A68C6C0881}.Debug|Any CPU.ActiveCfg = Debug|Any CPU
		{CF3D607F-BFD3-47CC-BFE2-43A68C6C0881}.Debug|Any CPU.Build.0 = Debug|Any CPU
		{CF3D607F-BFD3-47CC-BFE2-43A68C6C0881}.Release|Any CPU.ActiveCfg = Release|Any CPU
		{CF3D607F-BFD3-47CC-BFE2-43A68C6C0881}.Release|Any CPU.Build.0 = Release|Any CPU
		{AFDDA6C6-EB9E-4AE0-BAB1-A7FFED51AD12}.Debug|Any CPU.ActiveCfg = Debug|Any CPU
		{AFDDA6C6-EB9E-4AE0-BAB1-A7FFED51AD12}.Debug|Any CPU.Build.0 = Debug|Any CPU
		{AFDDA6C6-EB9E-4AE0-BAB1-A7FFED51AD12}.Release|Any CPU.ActiveCfg = Release|Any CPU
		{AFDDA6C6-EB9E-4AE0-BAB1-A7FFED51AD12}.Release|Any CPU.Build.0 = Release|Any CPU
		{EA3623CD-AC63-4E30-BB4D-EBF42C83C18A}.Debug|Any CPU.ActiveCfg = Debug|Any CPU
		{EA3623CD-AC63-4E30-BB4D-EBF42C83C18A}.Debug|Any CPU.Build.0 = Debug|Any CPU
		{EA3623CD-AC63-4E30-BB4D-EBF42C83C18A}.Release|Any CPU.ActiveCfg = Release|Any CPU
		{EA3623CD-AC63-4E30-BB4D-EBF42C83C18A}.Release|Any CPU.Build.0 = Release|Any CPU
	EndGlobalSection
	GlobalSection(SolutionProperties) = preSolution
		HideSolutionNode = FALSE
	EndGlobalSection
	GlobalSection(ExtensibilityGlobals) = postSolution
		SolutionGuid = {00EFE6B4-B637-4DBB-9A77-4D766F8A57DC}
	EndGlobalSection
EndGlobal
